version = 1
revision = 2
requires-python = ">=3.13"

[[package]]
name = "myritmica"
version = "0.1.0"
source = { editable = "." }
dependencies = [
    { name = "pyglet" },
]

[package.metadata]
requires-dist = [{ name = "pyglet", specifier = "==2.1.9" }]

[[package]]
name = "pyglet"
version = "2.1.9"
source = { registry = "https://pypi.org/simple" }
sdist = { url = "https://files.pythonhosted.org/packages/1a/98/c8c7c8ac2911ba7c547dfb2be3d9ce69ed0fa98b166d0c8a6cf7c01f44cd/pyglet-2.1.9.tar.gz", hash = "sha256:855bb55ffe05d98e95a7e4ad72969cb2ba8d57edbd6a7515db51a0479287f014", size = 6593094, upload-time = "2025-09-21T09:27:05.403Z" }
wheels = [
    { url = "https://files.pythonhosted.org/packages/b8/bf/68770984180ce5974e9f89a266db6a5678ff9c8b31c1116352d04be00b54/pyglet-2.1.9-py3-none-any.whl", hash = "sha256:ddd621c97729f8a344822792b4d51a600a8dd2113cde196d46376bdbcb6f1567", size = 1031866, upload-time = "2025-09-21T09:27:01.026Z" },
]
